
Microsoft Visual Studio Solution File, Format Version 12.00
# Visual Studio Version 16
VisualStudioVersion = 16.0.29613.14
MinimumVisualStudioVersion = 10.0.40219.1
Project("{FAE04EC0-301F-11D3-BF4B-00C04F79EFBC}") = "HandsOnModelValidations", "HandsOnModelValidations\HandsOnModelValidations.csproj", "{D0C6E3CC-E197-4E59-86A0-A43C93075E97}"
EndProject
Global
	GlobalSection(SolutionConfigurationPlatforms) = preSolution
		Debug|Any CPU = Debug|Any CPU
		Release|Any CPU = Release|Any CPU
	EndGlobalSection
	GlobalSection(ProjectConfigurationPlatforms) = postSolution
		{D0C6E3CC-E197-4E59-86A0-A43C93075E97}.Debug|Any CPU.ActiveCfg = Debug|Any CPU
		{D0C6E3CC-E197-4E59-86A0-A43C93075E97}.Debug|Any CPU.Build.0 = Debug|Any CPU
		{D0C6E3CC-E197-4E59-86A0-A43C93075E97}.Release|Any CPU.ActiveCfg = Release|Any CPU
		{D0C6E3CC-E197-4E59-86A0-A43C93075E97}.Release|Any CPU.Build.0 = Release|Any CPU
	EndGlobalSection
	GlobalSection(SolutionProperties) = preSolution
		HideSolutionNode = FALSE
	EndGlobalSection
	GlobalSection(ExtensibilityGlobals) = postSolution
		SolutionGuid = {A67FF46D-13C5-41F9-9519-DDA91DCF029E}
	EndGlobalSection
EndGlobal
